
Microsoft Visual Studio Solution File, Format Version 12.00
# Visual Studio 15
VisualStudioVersion = 15.0.28307.168
MinimumVisualStudioVersion = 10.0.40219.1
Project("{E24C65DC-7377-472B-9ABA-BC803B73C61A}") = "WebSiteAspNet", "WebSiteAspNet\", "{3503F582-DD67-4863-8D87-48CD1CE1078D}"
	ProjectSection(WebsiteProperties) = preProject
		TargetFrameworkMoniker = ".NETFramework,Version%3Dv4.6.1"
		Debug.AspNetCompiler.VirtualPath = "/localhost_54733"
		Debug.AspNetCompiler.PhysicalPath = "WebSiteAspNet\"
		Debug.AspNetCompiler.TargetPath = "PrecompiledWeb\localhost_54733\"
		Debug.AspNetCompiler.Updateable = "true"
		Debug.AspNetCompiler.ForceOverwrite = "true"
		Debug.AspNetCompiler.FixedNames = "false"
		Debug.AspNetCompiler.Debug = "True"
		Release.AspNetCompiler.VirtualPath = "/localhost_54733"
		Release.AspNetCompiler.PhysicalPath = "WebSiteAspNet\"
		Release.AspNetCompiler.TargetPath = "PrecompiledWeb\localhost_54733\"
		Release.AspNetCompiler.Updateable = "true"
		Release.AspNetCompiler.ForceOverwrite = "true"
		Release.AspNetCompiler.FixedNames = "false"
		Release.AspNetCompiler.Debug = "False"
		VWDPort = "54733"
		SlnRelativePath = "WebSiteAspNet\"
		DefaultWebSiteLanguage = "Visual C#"
	EndProjectSection
EndProject
Global
	GlobalSection(SolutionConfigurationPlatforms) = preSolution
		Debug|Any CPU = Debug|Any CPU
	EndGlobalSection
	GlobalSection(ProjectConfigurationPlatforms) = postSolution
		{3503F582-DD67-4863-8D87-48CD1CE1078D}.Debug|Any CPU.ActiveCfg = Debug|Any CPU
		{3503F582-DD67-4863-8D87-48CD1CE1078D}.Debug|Any CPU.Build.0 = Debug|Any CPU
	EndGlobalSection
	GlobalSection(SolutionProperties) = preSolution
		HideSolutionNode = FALSE
	EndGlobalSection
	GlobalSection(ExtensibilityGlobals) = postSolution
		SolutionGuid = {3A55FED1-6699-473A-BF30-B82A3104437B}
	EndGlobalSection
EndGlobal
